# This file is automatically @generated by pesde.
# It is not intended for manual editing.
format = 1
name = "jiwonz/luau_path"
version = "0.1.2"
target = "luau"

[graph."jiwonz/luau_disk@0.1.4 luau"]
direct = ["luau_disk", { name = "jiwonz/luau_disk", version = "^0.1.4", index = "default" }, "standard"]
resolved_ty = "standard"

[graph."jiwonz/luau_disk@0.1.4 luau".pkg_ref]
ref_ty = "pesde"
index_url = "https://github.com/pesde-pkg/index"
