name = "jiwonz/luau_path"
version = "0.1.0"
target = "luau"

[graph."jiwonz/luau_disk"."0.1.2 luau"]
direct = ["luau_disk", { name = "jiwonz/luau_disk", version = "^0.1.2" }, "standard"]
resolved_ty = "standard"

[graph."jiwonz/luau_disk"."0.1.2 luau".target]
environment = "luau"
lib = "src/init.luau"

[graph."jiwonz/luau_disk"."0.1.2 luau".pkg_ref]
ref_ty = "pesde"
name = "jiwonz/luau_disk"
version = "0.1.2"
index_url = "https://github.com/pesde-pkg/index"

[graph."jiwonz/luau_disk"."0.1.2 luau".pkg_ref.target]
environment = "luau"
lib = "src/init.luau"
