# THIS IS AN AUTOGENERATED FILE. DO NOT EDIT THIS FILE DIRECTLY.
# yarn lockfile v1


"@jsdotlua/boolean@^1.2.7":
  version "1.2.7"
  resolved "https://registry.npmjs.org/@jsdotlua/boolean/-/boolean-1.2.7.tgz"
  integrity sha512-FQslaImrO3m2Jq7X4pd4lR+/N67Q9LI9hII+eagY1D0nYy72SuHndxrkVR6q9PdX7/wMcUdWPd4Irt0P+969gQ==
  dependencies:
    "@jsdotlua/number" "^1.2.7"

"@jsdotlua/chalk@^0.2.1":
  version "0.2.1"
  resolved "https://registry.npmjs.org/@jsdotlua/chalk/-/chalk-0.2.1.tgz"
  integrity sha512-evM5k7C+SkEvKp6I76gomhkHiWOdhLuZDJ3BB9eGVbgZEI0fEz4gr/KLsFfi/8kIP1yNde+TF0Qf1bSX3a4Bow==

"@jsdotlua/collections@^1.2.7":
  version "1.2.7"
  resolved "https://registry.npmjs.org/@jsdotlua/collections/-/collections-1.2.7.tgz"
  integrity sha512-7hMBvar+3GKhzpbPsZUf/MTFR3qYXX5CtoGEXNVLVLoGxnFSFBsz6k+U1u89eU+Jt1DDG3I5cLaCold5P0sqlQ==
  dependencies:
    "@jsdotlua/es7-types" "^1.2.7"
    "@jsdotlua/instance-of" "^1.2.7"

"@jsdotlua/console@^1.2.7":
  version "1.2.7"
  resolved "https://registry.npmjs.org/@jsdotlua/console/-/console-1.2.7.tgz"
  integrity sha512-tvhvV9XMb9U5sSylOvJYt1ReSpG9aTleECdvZ/MQRIeY2a8mXLCAZ3nVLeLZq4q6BkBQZVu6qPkwSzaWHH/yYQ==
  dependencies:
    "@jsdotlua/collections" "^1.2.7"

"@jsdotlua/diff-sequences@^3.10.0":
  version "3.10.0"
  resolved "https://registry.npmjs.org/@jsdotlua/diff-sequences/-/diff-sequences-3.10.0.tgz"
  integrity sha512-hio5hq2OhgFTC1G9j/Law0B3Y+88DpKdn3gIOAhcPkLebHSjvY6qRq6LVvv3cetElKc6myB0XC9OMZx4fQaTJw==
  dependencies:
    "@jsdotlua/luau-polyfill" "^1.2.6"

"@jsdotlua/emittery@^3.10.0":
  version "3.10.0"
  resolved "https://registry.npmjs.org/@jsdotlua/emittery/-/emittery-3.10.0.tgz"
  integrity sha512-B75JJuBx/gp2+6+LDnUJ2chb7r5CaWIreEOjBqIVLtMpoLbCtezYHcRdBf5vP8hibX3WbTRsnEuhuul+y703gg==
  dependencies:
    "@jsdotlua/luau-polyfill" "^1.2.6"
    "@jsdotlua/promise" "^3.5.0"

"@jsdotlua/es7-types@^1.2.7":
  version "1.2.7"
  resolved "https://registry.npmjs.org/@jsdotlua/es7-types/-/es7-types-1.2.7.tgz"
  integrity sha512-W15Fzbd8Vl/px2XhUPAOEWAjE4jJtm1/MAwI7Tf3JEIzyB3Di7yzo6rJhiTHWJJBmlXvOxmDIm5V12I3gUVVTg==

"@jsdotlua/expect@^3.10.0":
  version "3.10.0"
  resolved "https://registry.npmjs.org/@jsdotlua/expect/-/expect-3.10.0.tgz"
  integrity sha512-gCIFEtN4IxduLyLaZuEYOfbGcWiERe2gICspJq+UFnutRFeL7x6lU6RnbVuvV3XnSnFs56HgM/MXXYZivUgEqg==
  dependencies:
    "@jsdotlua/jest-get-type" "^3.10.0"
    "@jsdotlua/jest-matcher-utils" "^3.10.0"
    "@jsdotlua/jest-message-util" "^3.10.0"
    "@jsdotlua/jest-roblox-shared" "^3.10.0"
    "@jsdotlua/jest-snapshot" "^3.10.0"
    "@jsdotlua/jest-util" "^3.10.0"
    "@jsdotlua/luau-polyfill" "^1.2.6"
    "@jsdotlua/promise" "^3.5.0"
    luau-regexp "^0.2.1"

"@jsdotlua/instance-of@^1.2.7":
  version "1.2.7"
  resolved "https://registry.npmjs.org/@jsdotlua/instance-of/-/instance-of-1.2.7.tgz"
  integrity sha512-VxhRIIaIUCy2+Yv0e/2+r/rzI7Om2vO/EFXTabxM7dZTAHIVgnMknl+NXDybmdq3lKLAwNHcxKKQqthsqALS5A==

"@jsdotlua/jest-circus@^3.10.0":
  version "3.10.0"
  resolved "https://registry.npmjs.org/@jsdotlua/jest-circus/-/jest-circus-3.10.0.tgz"
  integrity sha512-75RornEaRuEoG51zkygmv5DpC+JbCgSiHWil+pJ9kej+Kz6E4gdJZEcO5azZEHZH86e338rupXtT6hWQUwt2Ng==
  dependencies:
    "@jsdotlua/chalk" "^0.2.1"
    "@jsdotlua/expect" "^3.10.0"
    "@jsdotlua/jest-each" "^3.10.0"
    "@jsdotlua/jest-environment" "^3.10.0"
    "@jsdotlua/jest-matcher-utils" "^3.10.0"
    "@jsdotlua/jest-message-util" "^3.10.0"
    "@jsdotlua/jest-roblox-shared" "^3.10.0"
    "@jsdotlua/jest-runtime" "^3.10.0"
    "@jsdotlua/jest-snapshot" "^3.10.0"
    "@jsdotlua/jest-test-result" "^3.10.0"
    "@jsdotlua/jest-types" "^3.10.0"
    "@jsdotlua/jest-util" "^3.10.0"
    "@jsdotlua/luau-polyfill" "^1.2.6"
    "@jsdotlua/pretty-format" "^3.10.0"
    "@jsdotlua/promise" "^3.5.0"
    "@jsdotlua/throat" "^3.10.0"
    luau-regexp "^0.2.1"

"@jsdotlua/jest-config@^3.10.0":
  version "3.10.0"
  resolved "https://registry.npmjs.org/@jsdotlua/jest-config/-/jest-config-3.10.0.tgz"
  integrity sha512-q1MWz7PIYXpbaHmQEL7GETtkqcuL0SG0pT/LzVK0RTlOxRlI6kVSH6LAKLkFX9+BYhoD+7AGnah6eQUkBgmJZQ==
  dependencies:
    "@jsdotlua/chalk" "^0.2.1"
    "@jsdotlua/jest-each" "^3.10.0"
    "@jsdotlua/jest-environment-roblox" "^3.10.0"
    "@jsdotlua/jest-get-type" "^3.10.0"
    "@jsdotlua/jest-message-util" "^3.10.0"
    "@jsdotlua/jest-roblox-shared" "^3.10.0"
    "@jsdotlua/jest-types" "^3.10.0"
    "@jsdotlua/jest-util" "^3.10.0"
    "@jsdotlua/jest-validate" "^3.10.0"
    "@jsdotlua/luau-polyfill" "^1.2.6"
    "@jsdotlua/promise" "^3.5.0"
    luau-regexp "^0.2.1"

"@jsdotlua/jest-console@^3.10.0":
  version "3.10.0"
  resolved "https://registry.npmjs.org/@jsdotlua/jest-console/-/jest-console-3.10.0.tgz"
  integrity sha512-Yxcmh9aQMRlHEeJtG8S3Go/f2UO6aKo0eywTJ6gkMQ9/jDnQrNgDWDGVUAtM0v3Gm8jezOoeT2oSXDuXdSby4w==
  dependencies:
    "@jsdotlua/chalk" "^0.2.1"
    "@jsdotlua/jest-each" "^3.10.0"
    "@jsdotlua/jest-message-util" "^3.10.0"
    "@jsdotlua/jest-mock" "^3.10.0"
    "@jsdotlua/jest-roblox-shared" "^3.10.0"
    "@jsdotlua/jest-types" "^3.10.0"
    "@jsdotlua/jest-util" "^3.10.0"
    "@jsdotlua/luau-polyfill" "^1.2.6"

"@jsdotlua/jest-core@^3.10.0":
  version "3.10.0"
  resolved "https://registry.npmjs.org/@jsdotlua/jest-core/-/jest-core-3.10.0.tgz"
  integrity sha512-WWvyWA1EbnrI3njHHmGhQDNL9QRvxtKgACYiZQYJ+0wTMXHjku4bHes56dODB3pPbUCYtWYYoNKv2sIjjYyXmQ==
  dependencies:
    "@jsdotlua/chalk" "^0.2.1"
    "@jsdotlua/emittery" "^3.10.0"
    "@jsdotlua/jest-config" "^3.10.0"
    "@jsdotlua/jest-console" "^3.10.0"
    "@jsdotlua/jest-message-util" "^3.10.0"
    "@jsdotlua/jest-reporters" "^3.10.0"
    "@jsdotlua/jest-roblox-shared" "^3.10.0"
    "@jsdotlua/jest-runner" "^3.10.0"
    "@jsdotlua/jest-runtime" "^3.10.0"
    "@jsdotlua/jest-snapshot" "^3.10.0"
    "@jsdotlua/jest-test-result" "^3.10.0"
    "@jsdotlua/jest-types" "^3.10.0"
    "@jsdotlua/jest-util" "^3.10.0"
    "@jsdotlua/luau-polyfill" "^1.2.6"
    "@jsdotlua/pretty-format" "^3.10.0"
    "@jsdotlua/promise" "^3.5.0"
    luau-regexp "^0.2.1"

"@jsdotlua/jest-diff@^3.10.0":
  version "3.10.0"
  resolved "https://registry.npmjs.org/@jsdotlua/jest-diff/-/jest-diff-3.10.0.tgz"
  integrity sha512-raP3GKr0/3vKv7ba90wQqXUhiSfCvlvgBrn1+MJ5MKagMaRYVPj/YNhIbiHZ4b0koFNv+BoLfhhNwCsdxHFUdQ==
  dependencies:
    "@jsdotlua/chalk" "^0.2.1"
    "@jsdotlua/diff-sequences" "^3.10.0"
    "@jsdotlua/jest-get-type" "^3.10.0"
    "@jsdotlua/jest-types" "^3.10.0"
    "@jsdotlua/luau-polyfill" "^1.2.6"
    "@jsdotlua/pretty-format" "^3.10.0"

"@jsdotlua/jest-each@^3.10.0":
  version "3.10.0"
  resolved "https://registry.npmjs.org/@jsdotlua/jest-each/-/jest-each-3.10.0.tgz"
  integrity sha512-ngBCo8bd5ns05hd4i8pD263tLlIOKwhXnW4I99i9iZrRWrzLaYUjMlFGx13IrSe240miznbMI9qo8kveUyVm+Q==
  dependencies:
    "@jsdotlua/chalk" "^0.2.1"
    "@jsdotlua/jest-get-type" "^3.10.0"
    "@jsdotlua/jest-types" "^3.10.0"
    "@jsdotlua/jest-util" "^3.10.0"
    "@jsdotlua/luau-polyfill" "^1.2.6"
    "@jsdotlua/pretty-format" "^3.10.0"
    luau-regexp "^0.2.1"

"@jsdotlua/jest-environment-roblox@^3.10.0":
  version "3.10.0"
  resolved "https://registry.npmjs.org/@jsdotlua/jest-environment-roblox/-/jest-environment-roblox-3.10.0.tgz"
  integrity sha512-6W0lmetzWAfo6jjYroo5k90m+F816q4Deeyy8FornZthuVf8OVM47Cyjq2Ti306gMryqYAOGz6t1Ee1nqtIlMQ==
  dependencies:
    "@jsdotlua/jest-environment" "^3.10.0"
    "@jsdotlua/jest-fake-timers" "^3.10.0"
    "@jsdotlua/jest-mock" "^3.10.0"
    "@jsdotlua/jest-types" "^3.10.0"
    "@jsdotlua/luau-polyfill" "^1.2.6"
    "@jsdotlua/promise" "^3.5.0"

"@jsdotlua/jest-environment@^3.10.0":
  version "3.10.0"
  resolved "https://registry.npmjs.org/@jsdotlua/jest-environment/-/jest-environment-3.10.0.tgz"
  integrity sha512-49O5H2zyLRKORG8LwyTg3SzeejhSEL8eDkz/IVMPoNrpgWwJEY09oV26tOsryVOVa207EDk5VJEioveKzWT17g==
  dependencies:
    "@jsdotlua/jest-fake-timers" "^3.10.0"
    "@jsdotlua/jest-mock" "^3.10.0"
    "@jsdotlua/jest-mock-genv" "^3.10.0"
    "@jsdotlua/jest-types" "^3.10.0"
    "@jsdotlua/luau-polyfill" "^1.2.6"

"@jsdotlua/jest-fake-timers@^3.10.0":
  version "3.10.0"
  resolved "https://registry.npmjs.org/@jsdotlua/jest-fake-timers/-/jest-fake-timers-3.10.0.tgz"
  integrity sha512-18K8nj1oPZ2vM4zmlYiOEhd0ioA9fTo+wxwJ4D1/cO8PJO6Ko5I0fgfwrgUXAfJ1gqM1nzrMpbDSDWUWqdIqoA==
  dependencies:
    "@jsdotlua/jest-get-type" "^3.10.0"
    "@jsdotlua/jest-mock" "^3.10.0"
    "@jsdotlua/luau-polyfill" "^1.2.6"

"@jsdotlua/jest-get-type@^3.10.0":
  version "3.10.0"
  resolved "https://registry.npmjs.org/@jsdotlua/jest-get-type/-/jest-get-type-3.10.0.tgz"
  integrity sha512-dgOH1588SUAzIj63s6qqacyGgtFQ1HZJXjqNjz3xCqpqy+RNLGf8Ji5dnpWN+P3fIvYV+81+sTWF2e3fcBX7tQ==
  dependencies:
    "@jsdotlua/luau-polyfill" "^1.2.6"
    luau-regexp "^0.2.1"

"@jsdotlua/jest-globals@^3.10.0":
  version "3.10.0"
  resolved "https://registry.npmjs.org/@jsdotlua/jest-globals/-/jest-globals-3.10.0.tgz"
  integrity sha512-NmDXDTpd0g1Lxn8pqurqg4OqBmJM1r5cXZHEklCd9B5xofek7ZYFlwdOrfGeC4tKGNn2eQsxmV6z9+go6TcrQg==
  dependencies:
    "@jsdotlua/expect" "^3.10.0"
    "@jsdotlua/jest-environment" "^3.10.0"
    "@jsdotlua/jest-types" "^3.10.0"
    "@jsdotlua/luau-polyfill" "^1.2.6"

"@jsdotlua/jest-matcher-utils@^3.10.0":
  version "3.10.0"
  resolved "https://registry.npmjs.org/@jsdotlua/jest-matcher-utils/-/jest-matcher-utils-3.10.0.tgz"
  integrity sha512-GzJCFPYR8bRqcxvEzWHRLbtCq0A1T7rH3ODzQc9IBRhicixVZWveQ9iMF6cS1wkPaUFpavxw7w+/r54AtPuZYA==
  dependencies:
    "@jsdotlua/chalk" "^0.2.1"
    "@jsdotlua/jest-diff" "^3.10.0"
    "@jsdotlua/jest-get-type" "^3.10.0"
    "@jsdotlua/luau-polyfill" "^1.2.6"
    "@jsdotlua/pretty-format" "^3.10.0"
    luau-regexp "^0.2.1"

"@jsdotlua/jest-message-util@^3.10.0":
  version "3.10.0"
  resolved "https://registry.npmjs.org/@jsdotlua/jest-message-util/-/jest-message-util-3.10.0.tgz"
  integrity sha512-u85TWw2knpt6uXXZSbVKfDPCUAjfq3LH1xVgstEq9rncJHIH+S79LfhYxqF3kybajiDOSG+ZSUHqEwjvOjnc1Q==
  dependencies:
    "@jsdotlua/chalk" "^0.2.1"
    "@jsdotlua/jest-roblox-shared" "^3.10.0"
    "@jsdotlua/jest-types" "^3.10.0"
    "@jsdotlua/luau-polyfill" "^1.2.6"
    "@jsdotlua/pretty-format" "^3.10.0"
    luau-regexp "^0.2.1"

"@jsdotlua/jest-mock-genv@^3.10.0":
  version "3.10.0"
  resolved "https://registry.npmjs.org/@jsdotlua/jest-mock-genv/-/jest-mock-genv-3.10.0.tgz"
  integrity sha512-5K4psK2R1gmPfGOcqlPJpcP3Eub0i6LcYNretlnwS15hC4nYN/6bjCK8ZhKKCXW377QIPsYTFJ5krtIA1q2PSg==
  dependencies:
    "@jsdotlua/luau-polyfill" "^1.2.6"

"@jsdotlua/jest-mock@^3.10.0":
  version "3.10.0"
  resolved "https://registry.npmjs.org/@jsdotlua/jest-mock/-/jest-mock-3.10.0.tgz"
  integrity sha512-0iQWauUPACk9Nitmw+Fa+fVZS5huP5nJv+VfiGjHiron8+aTqbMFLs2RLKLysUGW1+MGCIOG7iB/MArbi7jTbQ==
  dependencies:
    "@jsdotlua/jest-mock-genv" "^3.10.0"
    "@jsdotlua/jest-types" "^3.10.0"
    "@jsdotlua/luau-polyfill" "^1.2.6"

"@jsdotlua/jest-reporters@^3.10.0":
  version "3.10.0"
  resolved "https://registry.npmjs.org/@jsdotlua/jest-reporters/-/jest-reporters-3.10.0.tgz"
  integrity sha512-I13kPmS71USHTuaXzK4ATQVhkpjIGbgrjcPMejIAD45gueUApm9g4en3xY9wT8lmYSm8I03TzeQrvg10+B8Wog==
  dependencies:
    "@jsdotlua/chalk" "^0.2.1"
    "@jsdotlua/jest-console" "^3.10.0"
    "@jsdotlua/jest-message-util" "^3.10.0"
    "@jsdotlua/jest-mock" "^3.10.0"
    "@jsdotlua/jest-roblox-shared" "^3.10.0"
    "@jsdotlua/jest-test-result" "^3.10.0"
    "@jsdotlua/jest-types" "^3.10.0"
    "@jsdotlua/jest-util" "^3.10.0"
    "@jsdotlua/luau-polyfill" "^1.2.6"
    "@jsdotlua/path" "^3.10.0"

"@jsdotlua/jest-roblox-shared@^3.10.0":
  version "3.10.0"
  resolved "https://registry.npmjs.org/@jsdotlua/jest-roblox-shared/-/jest-roblox-shared-3.10.0.tgz"
  integrity sha512-gP0Xs56UweygHnAs3/VF1cHvBGxq+P4tiCB+P1Xbzoy8zprVefbKD5biK0EKGqyiwk18xcc9QVXJu60Jbb28vA==
  dependencies:
    "@jsdotlua/jest-get-type" "^3.10.0"
    "@jsdotlua/jest-mock" "^3.10.0"
    "@jsdotlua/luau-polyfill" "^1.2.6"

"@jsdotlua/jest-runner@^3.10.0":
  version "3.10.0"
  resolved "https://registry.npmjs.org/@jsdotlua/jest-runner/-/jest-runner-3.10.0.tgz"
  integrity sha512-tgTt3iiDloKXTVxKJWKE1PhMr/5LR8MOSz5LvHFC/6EtNESgvbKKQHEb8e9uoS9Lr28gKM4wKHSFqYktmJD1Vw==
  dependencies:
    "@jsdotlua/chalk" "^0.2.1"
    "@jsdotlua/emittery" "^3.10.0"
    "@jsdotlua/jest-circus" "^3.10.0"
    "@jsdotlua/jest-console" "^3.10.0"
    "@jsdotlua/jest-environment" "^3.10.0"
    "@jsdotlua/jest-message-util" "^3.10.0"
    "@jsdotlua/jest-roblox-shared" "^3.10.0"
    "@jsdotlua/jest-runtime" "^3.10.0"
    "@jsdotlua/jest-test-result" "^3.10.0"
    "@jsdotlua/jest-types" "^3.10.0"
    "@jsdotlua/jest-util" "^3.10.0"
    "@jsdotlua/luau-polyfill" "^1.2.6"
    "@jsdotlua/pretty-format" "^3.10.0"
    "@jsdotlua/promise" "^3.5.0"
    "@jsdotlua/throat" "^3.10.0"

"@jsdotlua/jest-runtime@^3.10.0":
  version "3.10.0"
  resolved "https://registry.npmjs.org/@jsdotlua/jest-runtime/-/jest-runtime-3.10.0.tgz"
  integrity sha512-K4VWZWvdtDcATcoDED41ZPHkzBiS3fzIPR33L7LANwNc3zr9vnjTAff7QahdEa0MWoEXjjFhTXhh+y7I17Inmg==
  dependencies:
    "@jsdotlua/emittery" "^3.10.0"
    "@jsdotlua/expect" "^3.10.0"
    "@jsdotlua/jest-fake-timers" "^3.10.0"
    "@jsdotlua/jest-mock" "^3.10.0"
    "@jsdotlua/jest-mock-genv" "^3.10.0"
    "@jsdotlua/jest-snapshot" "^3.10.0"
    "@jsdotlua/jest-types" "^3.10.0"
    "@jsdotlua/luau-polyfill" "^1.2.6"
    "@jsdotlua/promise" "^3.5.0"

"@jsdotlua/jest-snapshot@^3.10.0":
  version "3.10.0"
  resolved "https://registry.npmjs.org/@jsdotlua/jest-snapshot/-/jest-snapshot-3.10.0.tgz"
  integrity sha512-74Xi9ygwCtiYi078Jifr4nYoM5EFbKFPFKz8hJz+JzV/MNNrPLsRR/PYzcSb88CFK7J+9Nc72C+FInIIB6x+2A==
  dependencies:
    "@jsdotlua/chalk" "^0.2.1"
    "@jsdotlua/jest-diff" "^3.10.0"
    "@jsdotlua/jest-get-type" "^3.10.0"
    "@jsdotlua/jest-matcher-utils" "^3.10.0"
    "@jsdotlua/jest-roblox-shared" "^3.10.0"
    "@jsdotlua/jest-types" "^3.10.0"
    "@jsdotlua/luau-polyfill" "^1.2.6"
    "@jsdotlua/pretty-format" "^3.10.0"
    "@jsdotlua/promise" "^3.5.0"

"@jsdotlua/jest-test-result@^3.10.0":
  version "3.10.0"
  resolved "https://registry.npmjs.org/@jsdotlua/jest-test-result/-/jest-test-result-3.10.0.tgz"
  integrity sha512-jKmjNUxS0U2r/m2hRt+T3cacNuWBEedHZukjDIx9npB2I8QnBBE1odfVeH0483IYMEWlK5NeT3GcVX6lErqtxg==
  dependencies:
    "@jsdotlua/jest-types" "^3.10.0"
    "@jsdotlua/luau-polyfill" "^1.2.6"

"@jsdotlua/jest-types@^3.10.0":
  version "3.10.0"
  resolved "https://registry.npmjs.org/@jsdotlua/jest-types/-/jest-types-3.10.0.tgz"
  integrity sha512-c7H7TzBDe0bP7GJQstbn0AVjocOfeLxdYjy55tOEcIZhSMjceU7CX+fW60hi0/sXhcoeFEnO0+gX6jT9sWBWRQ==
  dependencies:
    "@jsdotlua/luau-polyfill" "^1.2.6"
    luau-regexp "^0.2.1"

"@jsdotlua/jest-util@^3.10.0":
  version "3.10.0"
  resolved "https://registry.npmjs.org/@jsdotlua/jest-util/-/jest-util-3.10.0.tgz"
  integrity sha512-ajG610nBTlTWwZaCIgOugVcExbTBkdlynsNJG0EyQlkJbUJKJ8j5A/La5CdY1nWIBezMD+F6IswIiS7EyjquXQ==
  dependencies:
    "@jsdotlua/chalk" "^0.2.1"
    "@jsdotlua/jest-roblox-shared" "^3.10.0"
    "@jsdotlua/jest-types" "^3.10.0"
    "@jsdotlua/luau-polyfill" "^1.2.6"
    "@jsdotlua/picomatch" "^0.4.0"
    "@jsdotlua/promise" "^3.5.0"
    luau-regexp "^0.2.1"

"@jsdotlua/jest-validate@^3.10.0":
  version "3.10.0"
  resolved "https://registry.npmjs.org/@jsdotlua/jest-validate/-/jest-validate-3.10.0.tgz"
  integrity sha512-DiWhcuUcCNeevkjZ3I3NLBGuqRPTOUmWyJ7s5bPjAntuR2x5z5qPXk9Q+M1X8hUU1S7bwM+h/8OcXjvaosjBmA==
  dependencies:
    "@jsdotlua/chalk" "^0.2.1"
    "@jsdotlua/luau-polyfill" "^1.2.6"

"@jsdotlua/jest@^3.10.0":
  version "3.10.0"
  resolved "https://registry.npmjs.org/@jsdotlua/jest/-/jest-3.10.0.tgz"
  integrity sha512-nyDoSlQYnpZTtmwzylmK94bKcU883rBa4z/5eItSBlIW4pkPy5ucEKl/gjNvRDJqtNZWXBzQIwdjFqfeq2G6Zg==
  dependencies:
    "@jsdotlua/jest-core" "^3.10.0"

"@jsdotlua/luau-polyfill@^1.2.6":
  version "1.2.7"
  resolved "https://registry.npmjs.org/@jsdotlua/luau-polyfill/-/luau-polyfill-1.2.7.tgz"
  integrity sha512-OAFAc5eIRNyz5jetEGxoNnVUticohaVG8b76HEJp8XlN4zjKizFDza/MUMOXyQE7ws4JYiKpdIUNllbxSq90OQ==
  dependencies:
    "@jsdotlua/boolean" "^1.2.7"
    "@jsdotlua/collections" "^1.2.7"
    "@jsdotlua/console" "^1.2.7"
    "@jsdotlua/es7-types" "^1.2.7"
    "@jsdotlua/instance-of" "^1.2.7"
    "@jsdotlua/math" "^1.2.7"
    "@jsdotlua/number" "^1.2.7"
    "@jsdotlua/string" "^1.2.7"
    "@jsdotlua/timers" "^1.2.7"
    symbol-luau "^1.0.0"

"@jsdotlua/math@^1.2.7":
  version "1.2.7"
  resolved "https://registry.npmjs.org/@jsdotlua/math/-/math-1.2.7.tgz"
  integrity sha512-hstESgP7DzeF3dWeM1h60FFxJc/RR4/jOO1VV5s3zKSU8+2WL5sCFaUxnM7MEA1paByrZsuYowwliax5lMfyNg==

"@jsdotlua/number@^1.2.7":
  version "1.2.7"
  resolved "https://registry.npmjs.org/@jsdotlua/number/-/number-1.2.7.tgz"
  integrity sha512-gKqDlUi2y4sHnW+P32XsTwjTgO/jgiVxfrHXhQPjViMbADmqkdj2OQju1vVKBOX22YQnHcFjrQz8FLou5dYVNg==

"@jsdotlua/path@^3.10.0":
  version "3.10.0"
  resolved "https://registry.npmjs.org/@jsdotlua/path/-/path-3.10.0.tgz"
  integrity sha512-C0ZkiYbGwxVxaxzp5WNdPxJJxcDgnkYRJBFSm/kApDAnTjZnIoVBG4QL91HSWQtNnlK8NavhRK2eEE1uIb1WZw==
  dependencies:
    "@jsdotlua/luau-polyfill" "^1.2.6"

"@jsdotlua/picomatch@^0.4.0":
  version "0.4.0"
  resolved "https://registry.npmjs.org/@jsdotlua/picomatch/-/picomatch-0.4.0.tgz"
  integrity sha512-PkBgj3lGsujTD1bx5s+B1TtgXYxbQoGse2TWlp1uaFjQPe98llfUli7t4ZL+nGv75tDK7mneA9Y0hhRwf6Tijw==
  dependencies:
    "@jsdotlua/luau-polyfill" "^1.2.6"
    "@jsdotlua/promise" "^3.5.0"
    luau-regexp "^0.2.1"

"@jsdotlua/pretty-format@^3.10.0":
  version "3.10.0"
  resolved "https://registry.npmjs.org/@jsdotlua/pretty-format/-/pretty-format-3.10.0.tgz"
  integrity sha512-zcIiIWbsSry6KLITPajiEA6kxNg2vOaXwpLH4aUcrdoXwBFsETj75HY2ADtx7SUuc9MOhPPddvmPwSXG9Q0/Sw==
  dependencies:
    "@jsdotlua/chalk" "^0.2.1"
    "@jsdotlua/jest-get-type" "^3.10.0"
    "@jsdotlua/jest-roblox-shared" "^3.10.0"
    "@jsdotlua/luau-polyfill" "^1.2.6"
    "@jsdotlua/react-is" "^17.1.0"
    luau-regexp "^0.2.1"

"@jsdotlua/promise@^3.5.0":
  version "3.5.0"
  resolved "https://registry.npmjs.org/@jsdotlua/promise/-/promise-3.5.0.tgz"
  integrity sha512-uMwL18+wAhzJ65O9VYEsS2+ns5J/ABcY3oTASznlKdPU+syE1LK1hTy/LqEouHiDNZ1zAvmNUA3kY7oZ4/3gOw==

"@jsdotlua/react-is@^17.1.0":
  version "17.2.1"
  resolved "https://registry.npmjs.org/@jsdotlua/react-is/-/react-is-17.2.1.tgz"
  integrity sha512-TdLh9en4/DoXeBVcCSiimGfxVYdmMC9VYLiXstXB5bLDPdLKkPiuvgjz//CoYvwQxJJqEgjPHHfxTfMAB22sLw==
  dependencies:
    "@jsdotlua/shared" "^17.2.1"

"@jsdotlua/shared@^17.2.1":
  version "17.2.1"
  resolved "https://registry.npmjs.org/@jsdotlua/shared/-/shared-17.2.1.tgz"
  integrity sha512-Ot9X5Es+5ihpDWJi58K+KS09NEvequK4bJ0i8QkniYw8dDRFyBwRUPK5afy2YZyEe6i20ow7fDip4jb0HdYjcg==
  dependencies:
    "@jsdotlua/luau-polyfill" "^1.2.6"

"@jsdotlua/string@^1.2.7":
  version "1.2.7"
  resolved "https://registry.npmjs.org/@jsdotlua/string/-/string-1.2.7.tgz"
  integrity sha512-iKmneySgoREgrkfM63hplt9s+18Zjy+QHdtP3jDDgysTcZTSFMhJYx1pgshfFHUBNyTo3UKIVbe0Tw1K+Y6xMw==
  dependencies:
    "@jsdotlua/es7-types" "^1.2.7"
    "@jsdotlua/number" "^1.2.7"

"@jsdotlua/throat@^3.10.0":
  version "3.10.0"
  resolved "https://registry.npmjs.org/@jsdotlua/throat/-/throat-3.10.0.tgz"
  integrity sha512-ckjgoMWZvvc6ALNGCZKYIp67L+T3dQ31JnZDbez0Xs5tzRD15+1CTqnxKPbBbOk+9eTe0252r/0GTDipu8XjMw==
  dependencies:
    "@jsdotlua/luau-polyfill" "^1.2.6"
    "@jsdotlua/promise" "^3.5.0"

"@jsdotlua/timers@^1.2.7":
  version "1.2.7"
  resolved "https://registry.npmjs.org/@jsdotlua/timers/-/timers-1.2.7.tgz"
  integrity sha512-Z/VGJ2P80QGdGxt1WPzEfbyepW7zKitJhKliXYVV2O7/wmPpEn4pSyLvgJBeE0ABZBD1zWmLUXx2AEik/Ptabg==
  dependencies:
    "@jsdotlua/collections" "^1.2.7"

commander@^11.0.0:
  version "11.1.0"
  resolved "https://registry.npmjs.org/commander/-/commander-11.1.0.tgz"
  integrity sha512-yPVavfyCcRhmorC7rWlkHn15b4wDVgVmBA7kV4QVBsF7kv/9TKJAbAXVTxvTnwP8HHKjRCJDClKbciiYS7p0DQ==

luau-disk@^0.1.1:
  version "0.1.1"
  resolved "https://registry.npmjs.org/luau-disk/-/luau-disk-0.1.1.tgz"
  integrity sha512-QsaVNZhrtO5kQuoGnKB0TNwmOJclsQGJYiDPiQCzyfz4qtFHpz5tQb9wQ0Gf+dVJ/YTad8vW9rGgrd080ooZWg==

luau-regexp@^0.2.1:
  version "0.2.1"
  resolved "https://registry.npmjs.org/luau-regexp/-/luau-regexp-0.2.1.tgz"
  integrity sha512-7UDowKGOw7PmU1K7qecApyNvL+0m5cYpc+bYxqe6fZhP7ElFi6k96T+sOTw1YPuVxnzeVB88iDuGoKlTptJxaA==

npmluau@^0.1.2:
  version "0.1.2"
  resolved "https://registry.npmjs.org/npmluau/-/npmluau-0.1.2.tgz"
  integrity sha512-S+x2c16ftHVpL8gnXo4On02lLP1x5NlgIByc8PbPf0j6stqN71r5HjTlO5VlwWoZ1f1c1L7iH5XZLee3Nl1Nig==
  dependencies:
    commander "^11.0.0"
    walkdir "^0.4.1"

symbol-luau@^1.0.0:
  version "1.0.1"
  resolved "https://registry.npmjs.org/symbol-luau/-/symbol-luau-1.0.1.tgz"
  integrity sha512-rOkl1ZSO5xMTHjCBkEgR2w55KDlJCdBYKWvR+x+1MTQjcFwRA/3XjWLJn+FGfpHELdsZ/GlPUTXRt7toQe74Ig==

walkdir@^0.4.1:
  version "0.4.1"
  resolved "https://registry.npmjs.org/walkdir/-/walkdir-0.4.1.tgz"
  integrity sha512-3eBwRyEln6E1MSzcxcVpQIhRG8Q1jLvEqRmCZqS3dsfXEDR/AhOF4d+jHg1qvDCpYaVRZjENPQyrVxAkQqxPgQ==
